
Microsoft Visual Studio Solution File, Format Version 12.00
# Visual Studio 14
VisualStudioVersion = 14.0.25420.1
MinimumVisualStudioVersion = 10.0.40219.1
Project("{FAE04EC0-301F-11D3-BF4B-00C04F79EFBC}") = "WebApp", "WebApp\WebApp.csproj", "{64BA685A-3E7D-4FE3-BBB5-8ADC231A71FC}"
EndProject
Project("{FAE04EC0-301F-11D3-BF4B-00C04F79EFBC}") = "CustomLibrary", "CustomLibrary\CustomLibrary.csproj", "{73E6EB27-B8F6-41B0-8B68-CE08024CAA90}"
EndProject
Project("{FAE04EC0-301F-11D3-BF4B-00C04F79EFBC}") = "UnitTestProject1", "UnitTestProject1\UnitTestProject1.csproj", "{C62AE1EB-7262-40D2-9C70-194538613A9B}"
EndProject
Global
	GlobalSection(SolutionConfigurationPlatforms) = preSolution
		Debug|Any CPU = Debug|Any CPU
		Release|Any CPU = Release|Any CPU
	EndGlobalSection
	GlobalSection(ProjectConfigurationPlatforms) = postSolution
		{64BA685A-3E7D-4FE3-BBB5-8ADC231A71FC}.Debug|Any CPU.ActiveCfg = Debug|Any CPU
		{64BA685A-3E7D-4FE3-BBB5-8ADC231A71FC}.Debug|Any CPU.Build.0 = Debug|Any CPU
		{64BA685A-3E7D-4FE3-BBB5-8ADC231A71FC}.Release|Any CPU.ActiveCfg = Release|Any CPU
		{64BA685A-3E7D-4FE3-BBB5-8ADC231A71FC}.Release|Any CPU.Build.0 = Release|Any CPU
		{73E6EB27-B8F6-41B0-8B68-CE08024CAA90}.Debug|Any CPU.ActiveCfg = Debug|Any CPU
		{73E6EB27-B8F6-41B0-8B68-CE08024CAA90}.Debug|Any CPU.Build.0 = Debug|Any CPU
		{73E6EB27-B8F6-41B0-8B68-CE08024CAA90}.Release|Any CPU.ActiveCfg = Release|Any CPU
		{73E6EB27-B8F6-41B0-8B68-CE08024CAA90}.Release|Any CPU.Build.0 = Release|Any CPU
		{C62AE1EB-7262-40D2-9C70-194538613A9B}.Debug|Any CPU.ActiveCfg = Debug|Any CPU
		{C62AE1EB-7262-40D2-9C70-194538613A9B}.Debug|Any CPU.Build.0 = Debug|Any CPU
		{C62AE1EB-7262-40D2-9C70-194538613A9B}.Release|Any CPU.ActiveCfg = Release|Any CPU
		{C62AE1EB-7262-40D2-9C70-194538613A9B}.Release|Any CPU.Build.0 = Release|Any CPU
	EndGlobalSection
	GlobalSection(SolutionProperties) = preSolution
		HideSolutionNode = FALSE
	EndGlobalSection
EndGlobal
